
Microsoft Visual Studio Solution File, Format Version 12.00
# Visual Studio Version 17
VisualStudioVersion = 17.8.34330.188
MinimumVisualStudioVersion = 10.0.40219.1
Project("{FAE04EC0-301F-11D3-BF4B-00C04F79EFBC}") = "Module3Exercise", "Module3Exercise\Module3Exercise.csproj", "{EB897EAC-83D1-4909-9FF6-3DA3678D2C2B}"
EndProject
Global
	GlobalSection(SolutionConfigurationPlatforms) = preSolution
		Debug|Any CPU = Debug|Any CPU
		Release|Any CPU = Release|Any CPU
	EndGlobalSection
	GlobalSection(ProjectConfigurationPlatforms) = postSolution
		{EB897EAC-83D1-4909-9FF6-3DA3678D2C2B}.Debug|Any CPU.ActiveCfg = Debug|Any CPU
		{EB897EAC-83D1-4909-9FF6-3DA3678D2C2B}.Debug|Any CPU.Build.0 = Debug|Any CPU
		{EB897EAC-83D1-4909-9FF6-3DA3678D2C2B}.Release|Any CPU.ActiveCfg = Release|Any CPU
		{EB897EAC-83D1-4909-9FF6-3DA3678D2C2B}.Release|Any CPU.Build.0 = Release|Any CPU
	EndGlobalSection
	GlobalSection(SolutionProperties) = preSolution
		HideSolutionNode = FALSE
	EndGlobalSection
	GlobalSection(ExtensibilityGlobals) = postSolution
		SolutionGuid = {0C95FF83-19F6-4F0F-976E-934827EEBA5B}
	EndGlobalSection
EndGlobal
